
Microsoft Visual Studio Solution File, Format Version 12.00
# Visual Studio 15
VisualStudioVersion = 15.0.27703.2035
MinimumVisualStudioVersion = 10.0.40219.1
Project("{FAE04EC0-301F-11D3-BF4B-00C04F79EFBC}") = "picture viewer", "picture viewer\picture viewer.csproj", "{ACC482B5-C37F-49F9-8911-8F37B6712B29}"
EndProject
Global
	GlobalSection(SolutionConfigurationPlatforms) = preSolution
		Debug|Any CPU = Debug|Any CPU
		Release|Any CPU = Release|Any CPU
	EndGlobalSection
	GlobalSection(ProjectConfigurationPlatforms) = postSolution
		{ACC482B5-C37F-49F9-8911-8F37B6712B29}.Debug|Any CPU.ActiveCfg = Debug|Any CPU
		{ACC482B5-C37F-49F9-8911-8F37B6712B29}.Debug|Any CPU.Build.0 = Debug|Any CPU
		{ACC482B5-C37F-49F9-8911-8F37B6712B29}.Release|Any CPU.ActiveCfg = Release|Any CPU
		{ACC482B5-C37F-49F9-8911-8F37B6712B29}.Release|Any CPU.Build.0 = Release|Any CPU
	EndGlobalSection
	GlobalSection(SolutionProperties) = preSolution
		HideSolutionNode = FALSE
	EndGlobalSection
	GlobalSection(ExtensibilityGlobals) = postSolution
		SolutionGuid = {30982D75-7076-4FE1-98C0-3778EE777EDC}
	EndGlobalSection
EndGlobal
